
Microsoft Visual Studio Solution File, Format Version 12.00
# Visual Studio Version 17
VisualStudioVersion = 17.2.32630.192
MinimumVisualStudioVersion = 10.0.40219.1
Project("{FAE04EC0-301F-11D3-BF4B-00C04F79EFBC}") = "FrondEnd", "FrondEnd\FrondEnd.csproj", "{BB9CCD8E-C494-4363-9B47-F70107CAE634}"
EndProject
Project("{FAE04EC0-301F-11D3-BF4B-00C04F79EFBC}") = "BackEnd", "BackEnd\BackEnd.csproj", "{CECC01BD-8428-45AC-8B4B-F542EA592C74}"
EndProject
Global
	GlobalSection(SolutionConfigurationPlatforms) = preSolution
		Debug|Any CPU = Debug|Any CPU
		Release|Any CPU = Release|Any CPU
	EndGlobalSection
	GlobalSection(ProjectConfigurationPlatforms) = postSolution
		{BB9CCD8E-C494-4363-9B47-F70107CAE634}.Debug|Any CPU.ActiveCfg = Debug|Any CPU
		{BB9CCD8E-C494-4363-9B47-F70107CAE634}.Debug|Any CPU.Build.0 = Debug|Any CPU
		{BB9CCD8E-C494-4363-9B47-F70107CAE634}.Release|Any CPU.ActiveCfg = Release|Any CPU
		{BB9CCD8E-C494-4363-9B47-F70107CAE634}.Release|Any CPU.Build.0 = Release|Any CPU
		{CECC01BD-8428-45AC-8B4B-F542EA592C74}.Debug|Any CPU.ActiveCfg = Debug|Any CPU
		{CECC01BD-8428-45AC-8B4B-F542EA592C74}.Debug|Any CPU.Build.0 = Debug|Any CPU
		{CECC01BD-8428-45AC-8B4B-F542EA592C74}.Release|Any CPU.ActiveCfg = Release|Any CPU
		{CECC01BD-8428-45AC-8B4B-F542EA592C74}.Release|Any CPU.Build.0 = Release|Any CPU
	EndGlobalSection
	GlobalSection(SolutionProperties) = preSolution
		HideSolutionNode = FALSE
	EndGlobalSection
	GlobalSection(ExtensibilityGlobals) = postSolution
		SolutionGuid = {2F39D25F-57F5-466B-83F7-6A95C1017DC8}
	EndGlobalSection
EndGlobal
